
Microsoft Visual Studio Solution File, Format Version 12.00
# Visual Studio Version 17
VisualStudioVersion = 17.11.35303.130
MinimumVisualStudioVersion = 10.0.40219.1
Project("{9A19103F-16F7-4668-BE54-9A1E7A4F7556}") = "BackendNetforemost", "BackendNetforemost\BackendNetforemost.csproj", "{A05E1DD0-5495-45DF-9C72-2BFD22059639}"
EndProject
Project("{9A19103F-16F7-4668-BE54-9A1E7A4F7556}") = "Entidad", "Entities\Entidad.csproj", "{8E77B4D1-D284-47B8-88A3-7319D8E794D2}"
EndProject
Project("{9A19103F-16F7-4668-BE54-9A1E7A4F7556}") = "ClientNetforemost", "ClientNetforemost\ClientNetforemost.csproj", "{BB5F1D2B-4277-4D66-94B2-4EDAEDEA6326}"
EndProject
Project("{FAE04EC0-301F-11D3-BF4B-00C04F79EFBC}") = "TestUnitarios", "TestUnitarios\TestUnitarios.csproj", "{D6DFB361-5BFD-49DA-9B9B-B2586E76F468}"
EndProject
Global
	GlobalSection(SolutionConfigurationPlatforms) = preSolution
		Debug|Any CPU = Debug|Any CPU
		Release|Any CPU = Release|Any CPU
	EndGlobalSection
	GlobalSection(ProjectConfigurationPlatforms) = postSolution
		{A05E1DD0-5495-45DF-9C72-2BFD22059639}.Debug|Any CPU.ActiveCfg = Debug|Any CPU
		{A05E1DD0-5495-45DF-9C72-2BFD22059639}.Debug|Any CPU.Build.0 = Debug|Any CPU
		{A05E1DD0-5495-45DF-9C72-2BFD22059639}.Release|Any CPU.ActiveCfg = Release|Any CPU
		{A05E1DD0-5495-45DF-9C72-2BFD22059639}.Release|Any CPU.Build.0 = Release|Any CPU
		{8E77B4D1-D284-47B8-88A3-7319D8E794D2}.Debug|Any CPU.ActiveCfg = Debug|Any CPU
		{8E77B4D1-D284-47B8-88A3-7319D8E794D2}.Debug|Any CPU.Build.0 = Debug|Any CPU
		{8E77B4D1-D284-47B8-88A3-7319D8E794D2}.Release|Any CPU.ActiveCfg = Release|Any CPU
		{8E77B4D1-D284-47B8-88A3-7319D8E794D2}.Release|Any CPU.Build.0 = Release|Any CPU
		{BB5F1D2B-4277-4D66-94B2-4EDAEDEA6326}.Debug|Any CPU.ActiveCfg = Debug|Any CPU
		{BB5F1D2B-4277-4D66-94B2-4EDAEDEA6326}.Debug|Any CPU.Build.0 = Debug|Any CPU
		{BB5F1D2B-4277-4D66-94B2-4EDAEDEA6326}.Release|Any CPU.ActiveCfg = Release|Any CPU
		{BB5F1D2B-4277-4D66-94B2-4EDAEDEA6326}.Release|Any CPU.Build.0 = Release|Any CPU
		{D6DFB361-5BFD-49DA-9B9B-B2586E76F468}.Debug|Any CPU.ActiveCfg = Debug|Any CPU
		{D6DFB361-5BFD-49DA-9B9B-B2586E76F468}.Debug|Any CPU.Build.0 = Debug|Any CPU
		{D6DFB361-5BFD-49DA-9B9B-B2586E76F468}.Release|Any CPU.ActiveCfg = Release|Any CPU
		{D6DFB361-5BFD-49DA-9B9B-B2586E76F468}.Release|Any CPU.Build.0 = Release|Any CPU
	EndGlobalSection
	GlobalSection(SolutionProperties) = preSolution
		HideSolutionNode = FALSE
	EndGlobalSection
	GlobalSection(ExtensibilityGlobals) = postSolution
		SolutionGuid = {1C97805E-24B5-43E2-9EB9-D471DCF81553}
	EndGlobalSection
EndGlobal
